github.com/afzalansari028/go-stack v0.0.1 h1:cycndIHmzLMPoU2bqrpM3sCfD/j9qBbs5FofZA2no3U=
github.com/afzalansari028/go-stack v0.0.1/go.mod h1:j9NJvLzmfHD6hLEi1I/D1lEGG36m1GSkmik8wSEr/VI=
github.com/afzalansari028/go-stack v0.0.2 h1:1WAkUYbo3+c/5wLG9U9LtmiuaVIpsdTaDEZIzraQYl8=
github.com/afzalansari028/go-stack v0.0.2/go.mod h1:j9NJvLzmfHD6hLEi1I/D1lEGG36m1GSkmik8wSEr/VI=
github.com/afzalansari028/go-stack v0.0.3 h1:yxK59ShLKhUfk4caCoK0bjpFVk/4g8zkYPArnIXWHok=
github.com/afzalansari028/go-stack v0.0.3/go.mod h1:j9NJvLzmfHD6hLEi1I/D1lEGG36m1GSkmik8wSEr/VI=
